
Microsoft Visual Studio Solution File, Format Version 12.00
# Visual Studio Version 17
VisualStudioVersion = 17.14.36221.1 d17.14
MinimumVisualStudioVersion = 10.0.40219.1
Project("{FAE04EC0-301F-11D3-BF4B-00C04F79EFBC}") = "OrderApi.Domain", "OrderApi.Domain\OrderApi.Domain.csproj", "{08B0E9C5-5C91-42C8-A077-CD7689C8B087}"
EndProject
Project("{FAE04EC0-301F-11D3-BF4B-00C04F79EFBC}") = "OrderApi.Application", "OrderApi.Application\OrderApi.Application.csproj", "{53C6CF16-E476-4DBF-88F8-611B739954CE}"
EndProject
Project("{FAE04EC0-301F-11D3-BF4B-00C04F79EFBC}") = "OrderApi.Infrastructure", "OrderApi.Infrastructure\OrderApi.Infrastructure.csproj", "{A333DFB8-5892-4CE3-AE68-3142CFC60A68}"
EndProject
Project("{FAE04EC0-301F-11D3-BF4B-00C04F79EFBC}") = "OrderApi.Presentation", "OrderApi.Presentation\OrderApi.Presentation.csproj", "{0B459690-62F7-4954-BBFC-EDE7CD596931}"
EndProject
Project("{FAE04EC0-301F-11D3-BF4B-00C04F79EFBC}") = "ECommerce.SharedLibrary", "..\EcommerceMicroservice\ECommerce.SharedLibrary\ECommerce.SharedLibrary.csproj", "{DDFA7AD4-AC68-6569-D026-45DCE3A81301}"
EndProject
Global
	GlobalSection(SolutionConfigurationPlatforms) = preSolution
		Debug|Any CPU = Debug|Any CPU
		Release|Any CPU = Release|Any CPU
	EndGlobalSection
	GlobalSection(ProjectConfigurationPlatforms) = postSolution
		{08B0E9C5-5C91-42C8-A077-CD7689C8B087}.Debug|Any CPU.ActiveCfg = Debug|Any CPU
		{08B0E9C5-5C91-42C8-A077-CD7689C8B087}.Debug|Any CPU.Build.0 = Debug|Any CPU
		{08B0E9C5-5C91-42C8-A077-CD7689C8B087}.Release|Any CPU.ActiveCfg = Release|Any CPU
		{08B0E9C5-5C91-42C8-A077-CD7689C8B087}.Release|Any CPU.Build.0 = Release|Any CPU
		{53C6CF16-E476-4DBF-88F8-611B739954CE}.Debug|Any CPU.ActiveCfg = Debug|Any CPU
		{53C6CF16-E476-4DBF-88F8-611B739954CE}.Debug|Any CPU.Build.0 = Debug|Any CPU
		{53C6CF16-E476-4DBF-88F8-611B739954CE}.Release|Any CPU.ActiveCfg = Release|Any CPU
		{53C6CF16-E476-4DBF-88F8-611B739954CE}.Release|Any CPU.Build.0 = Release|Any CPU
		{A333DFB8-5892-4CE3-AE68-3142CFC60A68}.Debug|Any CPU.ActiveCfg = Debug|Any CPU
		{A333DFB8-5892-4CE3-AE68-3142CFC60A68}.Debug|Any CPU.Build.0 = Debug|Any CPU
		{A333DFB8-5892-4CE3-AE68-3142CFC60A68}.Release|Any CPU.ActiveCfg = Release|Any CPU
		{A333DFB8-5892-4CE3-AE68-3142CFC60A68}.Release|Any CPU.Build.0 = Release|Any CPU
		{0B459690-62F7-4954-BBFC-EDE7CD596931}.Debug|Any CPU.ActiveCfg = Debug|Any CPU
		{0B459690-62F7-4954-BBFC-EDE7CD596931}.Debug|Any CPU.Build.0 = Debug|Any CPU
		{0B459690-62F7-4954-BBFC-EDE7CD596931}.Release|Any CPU.ActiveCfg = Release|Any CPU
		{0B459690-62F7-4954-BBFC-EDE7CD596931}.Release|Any CPU.Build.0 = Release|Any CPU
		{DDFA7AD4-AC68-6569-D026-45DCE3A81301}.Debug|Any CPU.ActiveCfg = Debug|Any CPU
		{DDFA7AD4-AC68-6569-D026-45DCE3A81301}.Debug|Any CPU.Build.0 = Debug|Any CPU
		{DDFA7AD4-AC68-6569-D026-45DCE3A81301}.Release|Any CPU.ActiveCfg = Release|Any CPU
		{DDFA7AD4-AC68-6569-D026-45DCE3A81301}.Release|Any CPU.Build.0 = Release|Any CPU
	EndGlobalSection
	GlobalSection(SolutionProperties) = preSolution
		HideSolutionNode = FALSE
	EndGlobalSection
	GlobalSection(ExtensibilityGlobals) = postSolution
		SolutionGuid = {D572FF46-CA3E-4A23-947C-2C14A5DD3A7D}
	EndGlobalSection
EndGlobal
