
Microsoft Visual Studio Solution File, Format Version 12.00
# Visual Studio Version 17
VisualStudioVersion = 17.14.36221.1 d17.14
MinimumVisualStudioVersion = 10.0.40219.1
Project("{FAE04EC0-301F-11D3-BF4B-00C04F79EFBC}") = "ApiGateway.Presentation", "ApiGateway.Presentation\ApiGateway.Presentation.csproj", "{17625EF4-DB59-4A4D-AA6C-64DB126C75EF}"
EndProject
Project("{FAE04EC0-301F-11D3-BF4B-00C04F79EFBC}") = "ECommerce.SharedLibrary", "..\EcommerceMicroservice\ECommerce.SharedLibrary\ECommerce.SharedLibrary.csproj", "{DDFA7AD4-AC68-6569-D026-45DCE3A81301}"
EndProject
Global
	GlobalSection(SolutionConfigurationPlatforms) = preSolution
		Debug|Any CPU = Debug|Any CPU
		Release|Any CPU = Release|Any CPU
	EndGlobalSection
	GlobalSection(ProjectConfigurationPlatforms) = postSolution
		{17625EF4-DB59-4A4D-AA6C-64DB126C75EF}.Debug|Any CPU.ActiveCfg = Debug|Any CPU
		{17625EF4-DB59-4A4D-AA6C-64DB126C75EF}.Debug|Any CPU.Build.0 = Debug|Any CPU
		{17625EF4-DB59-4A4D-AA6C-64DB126C75EF}.Release|Any CPU.ActiveCfg = Release|Any CPU
		{17625EF4-DB59-4A4D-AA6C-64DB126C75EF}.Release|Any CPU.Build.0 = Release|Any CPU
		{DDFA7AD4-AC68-6569-D026-45DCE3A81301}.Debug|Any CPU.ActiveCfg = Debug|Any CPU
		{DDFA7AD4-AC68-6569-D026-45DCE3A81301}.Debug|Any CPU.Build.0 = Debug|Any CPU
		{DDFA7AD4-AC68-6569-D026-45DCE3A81301}.Release|Any CPU.ActiveCfg = Release|Any CPU
		{DDFA7AD4-AC68-6569-D026-45DCE3A81301}.Release|Any CPU.Build.0 = Release|Any CPU
	EndGlobalSection
	GlobalSection(SolutionProperties) = preSolution
		HideSolutionNode = FALSE
	EndGlobalSection
	GlobalSection(ExtensibilityGlobals) = postSolution
		SolutionGuid = {B5754967-1AF8-492F-A78D-EFE3E699E1C0}
	EndGlobalSection
EndGlobal
